
Microsoft Visual Studio Solution File, Format Version 11.00
# Visual Studio 2010
Project("{FAE04EC0-301F-11D3-BF4B-00C04F79EFBC}") = "DotNetUtilityLibrary", "DotNetUtilityLibrary\DotNetUtilityLibrary.csproj", "{DFE01CEF-6A8B-45B3-9B23-68115CBD4E64}"
EndProject
Project("{2150E333-8FDC-42A3-9474-1A3956D46DE8}") = "Unit Testing", "Unit Testing", "{AF4369E8-D359-4C1F-903C-77DCF2586066}"
EndProject
Project("{FAE04EC0-301F-11D3-BF4B-00C04F79EFBC}") = "UT_CryptographyHelper", "Unit Testing\UT_CryptographyHelper\UT_CryptographyHelper.csproj", "{EBD9E7EB-1F4B-4B7A-9E86-EBFBF50184D7}"
EndProject
Project("{FAE04EC0-301F-11D3-BF4B-00C04F79EFBC}") = "CommandLineScript", "CommandLineScript\CommandLineScript.csproj", "{893A848A-DBF1-40A2-A516-3452D4E8AF26}"
EndProject
Project("{FAE04EC0-301F-11D3-BF4B-00C04F79EFBC}") = "UT_GenericWrapper", "Unit Testing\UT_TypeWrapper\UT_GenericWrapper.csproj", "{BD2A086D-27B8-4CBD-B526-11C162FF07C4}"
EndProject
Project("{FAE04EC0-301F-11D3-BF4B-00C04F79EFBC}") = "UT_TypeHelper", "Unit Testing\UT_TypeHelper\UT_TypeHelper.csproj", "{6F3825C0-A001-4AC6-ACFA-45503D337ABC}"
EndProject
Project("{FAE04EC0-301F-11D3-BF4B-00C04F79EFBC}") = "UT_ConvertHelper", "Unit Testing\UT_ConvertHelper\UT_ConvertHelper.csproj", "{25BCDB72-BD29-4705-B493-024AD08F4E3A}"
EndProject
Global
	GlobalSection(SolutionConfigurationPlatforms) = preSolution
		Debug|Any CPU = Debug|Any CPU
		Debug|Mixed Platforms = Debug|Mixed Platforms
		Debug|x86 = Debug|x86
		Release|Any CPU = Release|Any CPU
		Release|Mixed Platforms = Release|Mixed Platforms
		Release|x86 = Release|x86
	EndGlobalSection
	GlobalSection(ProjectConfigurationPlatforms) = postSolution
		{DFE01CEF-6A8B-45B3-9B23-68115CBD4E64}.Debug|Any CPU.ActiveCfg = Debug|Any CPU
		{DFE01CEF-6A8B-45B3-9B23-68115CBD4E64}.Debug|Any CPU.Build.0 = Debug|Any CPU
		{DFE01CEF-6A8B-45B3-9B23-68115CBD4E64}.Debug|Mixed Platforms.ActiveCfg = Debug|Any CPU
		{DFE01CEF-6A8B-45B3-9B23-68115CBD4E64}.Debug|Mixed Platforms.Build.0 = Debug|Any CPU
		{DFE01CEF-6A8B-45B3-9B23-68115CBD4E64}.Debug|x86.ActiveCfg = Debug|Any CPU
		{DFE01CEF-6A8B-45B3-9B23-68115CBD4E64}.Release|Any CPU.ActiveCfg = Release|Any CPU
		{DFE01CEF-6A8B-45B3-9B23-68115CBD4E64}.Release|Any CPU.Build.0 = Release|Any CPU
		{DFE01CEF-6A8B-45B3-9B23-68115CBD4E64}.Release|Mixed Platforms.ActiveCfg = Release|Any CPU
		{DFE01CEF-6A8B-45B3-9B23-68115CBD4E64}.Release|Mixed Platforms.Build.0 = Release|Any CPU
		{DFE01CEF-6A8B-45B3-9B23-68115CBD4E64}.Release|x86.ActiveCfg = Release|Any CPU
		{EBD9E7EB-1F4B-4B7A-9E86-EBFBF50184D7}.Debug|Any CPU.ActiveCfg = Debug|Any CPU
		{EBD9E7EB-1F4B-4B7A-9E86-EBFBF50184D7}.Debug|Any CPU.Build.0 = Debug|Any CPU
		{EBD9E7EB-1F4B-4B7A-9E86-EBFBF50184D7}.Debug|Mixed Platforms.ActiveCfg = Debug|Any CPU
		{EBD9E7EB-1F4B-4B7A-9E86-EBFBF50184D7}.Debug|Mixed Platforms.Build.0 = Debug|Any CPU
		{EBD9E7EB-1F4B-4B7A-9E86-EBFBF50184D7}.Debug|x86.ActiveCfg = Debug|Any CPU
		{EBD9E7EB-1F4B-4B7A-9E86-EBFBF50184D7}.Release|Any CPU.ActiveCfg = Release|Any CPU
		{EBD9E7EB-1F4B-4B7A-9E86-EBFBF50184D7}.Release|Any CPU.Build.0 = Release|Any CPU
		{EBD9E7EB-1F4B-4B7A-9E86-EBFBF50184D7}.Release|Mixed Platforms.ActiveCfg = Release|Any CPU
		{EBD9E7EB-1F4B-4B7A-9E86-EBFBF50184D7}.Release|Mixed Platforms.Build.0 = Release|Any CPU
		{EBD9E7EB-1F4B-4B7A-9E86-EBFBF50184D7}.Release|x86.ActiveCfg = Release|Any CPU
		{893A848A-DBF1-40A2-A516-3452D4E8AF26}.Debug|Any CPU.ActiveCfg = Debug|x86
		{893A848A-DBF1-40A2-A516-3452D4E8AF26}.Debug|Mixed Platforms.ActiveCfg = Debug|x86
		{893A848A-DBF1-40A2-A516-3452D4E8AF26}.Debug|Mixed Platforms.Build.0 = Debug|x86
		{893A848A-DBF1-40A2-A516-3452D4E8AF26}.Debug|x86.ActiveCfg = Debug|x86
		{893A848A-DBF1-40A2-A516-3452D4E8AF26}.Debug|x86.Build.0 = Debug|x86
		{893A848A-DBF1-40A2-A516-3452D4E8AF26}.Release|Any CPU.ActiveCfg = Release|x86
		{893A848A-DBF1-40A2-A516-3452D4E8AF26}.Release|Mixed Platforms.ActiveCfg = Release|x86
		{893A848A-DBF1-40A2-A516-3452D4E8AF26}.Release|Mixed Platforms.Build.0 = Release|x86
		{893A848A-DBF1-40A2-A516-3452D4E8AF26}.Release|x86.ActiveCfg = Release|x86
		{893A848A-DBF1-40A2-A516-3452D4E8AF26}.Release|x86.Build.0 = Release|x86
		{BD2A086D-27B8-4CBD-B526-11C162FF07C4}.Debug|Any CPU.ActiveCfg = Debug|Any CPU
		{BD2A086D-27B8-4CBD-B526-11C162FF07C4}.Debug|Any CPU.Build.0 = Debug|Any CPU
		{BD2A086D-27B8-4CBD-B526-11C162FF07C4}.Debug|Mixed Platforms.ActiveCfg = Debug|Any CPU
		{BD2A086D-27B8-4CBD-B526-11C162FF07C4}.Debug|Mixed Platforms.Build.0 = Debug|Any CPU
		{BD2A086D-27B8-4CBD-B526-11C162FF07C4}.Debug|x86.ActiveCfg = Debug|Any CPU
		{BD2A086D-27B8-4CBD-B526-11C162FF07C4}.Release|Any CPU.ActiveCfg = Release|Any CPU
		{BD2A086D-27B8-4CBD-B526-11C162FF07C4}.Release|Any CPU.Build.0 = Release|Any CPU
		{BD2A086D-27B8-4CBD-B526-11C162FF07C4}.Release|Mixed Platforms.ActiveCfg = Release|Any CPU
		{BD2A086D-27B8-4CBD-B526-11C162FF07C4}.Release|Mixed Platforms.Build.0 = Release|Any CPU
		{BD2A086D-27B8-4CBD-B526-11C162FF07C4}.Release|x86.ActiveCfg = Release|Any CPU
		{6F3825C0-A001-4AC6-ACFA-45503D337ABC}.Debug|Any CPU.ActiveCfg = Debug|Any CPU
		{6F3825C0-A001-4AC6-ACFA-45503D337ABC}.Debug|Any CPU.Build.0 = Debug|Any CPU
		{6F3825C0-A001-4AC6-ACFA-45503D337ABC}.Debug|Mixed Platforms.ActiveCfg = Debug|Any CPU
		{6F3825C0-A001-4AC6-ACFA-45503D337ABC}.Debug|Mixed Platforms.Build.0 = Debug|Any CPU
		{6F3825C0-A001-4AC6-ACFA-45503D337ABC}.Debug|x86.ActiveCfg = Debug|Any CPU
		{6F3825C0-A001-4AC6-ACFA-45503D337ABC}.Release|Any CPU.ActiveCfg = Release|Any CPU
		{6F3825C0-A001-4AC6-ACFA-45503D337ABC}.Release|Any CPU.Build.0 = Release|Any CPU
		{6F3825C0-A001-4AC6-ACFA-45503D337ABC}.Release|Mixed Platforms.ActiveCfg = Release|Any CPU
		{6F3825C0-A001-4AC6-ACFA-45503D337ABC}.Release|Mixed Platforms.Build.0 = Release|Any CPU
		{6F3825C0-A001-4AC6-ACFA-45503D337ABC}.Release|x86.ActiveCfg = Release|Any CPU
		{25BCDB72-BD29-4705-B493-024AD08F4E3A}.Debug|Any CPU.ActiveCfg = Debug|Any CPU
		{25BCDB72-BD29-4705-B493-024AD08F4E3A}.Debug|Any CPU.Build.0 = Debug|Any CPU
		{25BCDB72-BD29-4705-B493-024AD08F4E3A}.Debug|Mixed Platforms.ActiveCfg = Debug|Any CPU
		{25BCDB72-BD29-4705-B493-024AD08F4E3A}.Debug|Mixed Platforms.Build.0 = Debug|Any CPU
		{25BCDB72-BD29-4705-B493-024AD08F4E3A}.Debug|x86.ActiveCfg = Debug|Any CPU
		{25BCDB72-BD29-4705-B493-024AD08F4E3A}.Release|Any CPU.ActiveCfg = Release|Any CPU
		{25BCDB72-BD29-4705-B493-024AD08F4E3A}.Release|Any CPU.Build.0 = Release|Any CPU
		{25BCDB72-BD29-4705-B493-024AD08F4E3A}.Release|Mixed Platforms.ActiveCfg = Release|Any CPU
		{25BCDB72-BD29-4705-B493-024AD08F4E3A}.Release|Mixed Platforms.Build.0 = Release|Any CPU
		{25BCDB72-BD29-4705-B493-024AD08F4E3A}.Release|x86.ActiveCfg = Release|Any CPU
	EndGlobalSection
	GlobalSection(SolutionProperties) = preSolution
		HideSolutionNode = FALSE
	EndGlobalSection
	GlobalSection(NestedProjects) = preSolution
		{EBD9E7EB-1F4B-4B7A-9E86-EBFBF50184D7} = {AF4369E8-D359-4C1F-903C-77DCF2586066}
		{BD2A086D-27B8-4CBD-B526-11C162FF07C4} = {AF4369E8-D359-4C1F-903C-77DCF2586066}
		{6F3825C0-A001-4AC6-ACFA-45503D337ABC} = {AF4369E8-D359-4C1F-903C-77DCF2586066}
		{25BCDB72-BD29-4705-B493-024AD08F4E3A} = {AF4369E8-D359-4C1F-903C-77DCF2586066}
	EndGlobalSection
EndGlobal
